// !$*UTF8*$!
{
	archiveVersion = 1;
	classes = {
	};
	objectVersion = 77;
	objects = {

/* Begin PBXBuildFile section */
		A31FCE332F295FBB00E3253D /* Assets.xcassets in Resources */ = {isa = PBXBuildFile; fileRef = A31FCE322F295FBB00E3253D /* Assets.xcassets */; };
		A345A4F92F475DFF0068BE76 /* Premium.storekit in Resources */ = {isa = PBXBuildFile; fileRef = A345A4F82F475DFF0068BE76 /* Premium.storekit */; };
		A3B1D6022F45CB4A00DA3275 /* SnapshotTesting in Frameworks */ = {isa = PBXBuildFile; productRef = A3B1D6012F45CB4A00DA3275 /* SnapshotTesting */; };
/* End PBXBuildFile section */

/* Begin PBXContainerItemProxy section */
		B10000012F28000100000030 /* PBXContainerItemProxy */ = {
			isa = PBXContainerItemProxy;
			containerPortal = A3BAF7B42F27B74C00269A9A /* Project object */;
			proxyType = 1;
			remoteGlobalIDString = A3BAF7BB2F27B74C00269A9A;
			remoteInfo = MeasureMe;
		};
		B10000012F28000100000031 /* PBXContainerItemProxy */ = {
			isa = PBXContainerItemProxy;
			containerPortal = A3BAF7B42F27B74C00269A9A /* Project object */;
			proxyType = 1;
			remoteGlobalIDString = A3BAF7BB2F27B74C00269A9A;
			remoteInfo = MeasureMe;
		};
/* End PBXContainerItemProxy section */

/* Begin PBXFileReference section */
		A31FCE322F295FBB00E3253D /* Assets.xcassets */ = {isa = PBXFileReference; lastKnownFileType = folder.assetcatalog; path = Assets.xcassets; sourceTree = "<group>"; };
		A345A4F82F475DFF0068BE76 /* Premium.storekit */ = {isa = PBXFileReference; lastKnownFileType = text; path = Premium.storekit; sourceTree = "<group>"; };
		A3BAF7BC2F27B74C00269A9A /* MeasureMe.app */ = {isa = PBXFileReference; explicitFileType = wrapper.application; includeInIndex = 0; path = MeasureMe.app; sourceTree = BUILT_PRODUCTS_DIR; };
		B10000012F28000100000001 /* MeasureMeTests.xctest */ = {isa = PBXFileReference; explicitFileType = wrapper.cfbundle; includeInIndex = 0; path = MeasureMeTests.xctest; sourceTree = BUILT_PRODUCTS_DIR; };
		B10000012F28000100000002 /* MeasureMeUITests.xctest */ = {isa = PBXFileReference; explicitFileType = wrapper.cfbundle; includeInIndex = 0; path = MeasureMeUITests.xctest; sourceTree = BUILT_PRODUCTS_DIR; };
/* End PBXFileReference section */

/* Begin PBXFileSystemSynchronizedRootGroup section */
		A3BAF7BE2F27B74C00269A9A /* MeasureMe */ = {
			isa = PBXFileSystemSynchronizedRootGroup;
			path = MeasureMe;
			sourceTree = "<group>";
		};
		B10000012F28000100000003 /* MeasureMeTests */ = {
			isa = PBXFileSystemSynchronizedRootGroup;
			path = MeasureMeTests;
			sourceTree = "<group>";
		};
		B10000012F28000100000004 /* MeasureMeUITests */ = {
			isa = PBXFileSystemSynchronizedRootGroup;
			path = MeasureMeUITests;
			sourceTree = "<group>";
		};
/* End PBXFileSystemSynchronizedRootGroup section */

/* Begin PBXFrameworksBuildPhase section */
		A3BAF7B92F27B74C00269A9A /* Frameworks */ = {
			isa = PBXFrameworksBuildPhase;
			buildActionMask = 2147483647;
			files = (
			);
			runOnlyForDeploymentPostprocessing = 0;
		};
		B10000012F28000100000011 /* Frameworks */ = {
			isa = PBXFrameworksBuildPhase;
			buildActionMask = 2147483647;
			files = (
				A3B1D6022F45CB4A00DA3275 /* SnapshotTesting in Frameworks */,
			);
			runOnlyForDeploymentPostprocessing = 0;
		};
		B10000012F28000100000014 /* Frameworks */ = {
			isa = PBXFrameworksBuildPhase;
			buildActionMask = 2147483647;
			files = (
			);
			runOnlyForDeploymentPostprocessing = 0;
		};
/* End PBXFrameworksBuildPhase section */

/* Begin PBXGroup section */
		A3B1D6002F45CB3D00DA3275 /* Frameworks */ = {
			isa = PBXGroup;
			children = (
			);
			name = Frameworks;
			sourceTree = "<group>";
		};
		A3BAF7B32F27B74C00269A9A = {
			isa = PBXGroup;
			children = (
				A31FCE322F295FBB00E3253D /* Assets.xcassets */,
				A3BAF7BE2F27B74C00269A9A /* MeasureMe */,
				B10000012F28000100000003 /* MeasureMeTests */,
				B10000012F28000100000004 /* MeasureMeUITests */,
				A3B1D6002F45CB3D00DA3275 /* Frameworks */,
				A3BAF7BD2F27B74C00269A9A /* Products */,
				A345A4F82F475DFF0068BE76 /* Premium.storekit */,
			);
			sourceTree = "<group>";
		};
		A3BAF7BD2F27B74C00269A9A /* Products */ = {
			isa = PBXGroup;
			children = (
				A3BAF7BC2F27B74C00269A9A /* MeasureMe.app */,
				B10000012F28000100000001 /* MeasureMeTests.xctest */,
				B10000012F28000100000002 /* MeasureMeUITests.xctest */,
			);
			name = Products;
			sourceTree = "<group>";
		};
/* End PBXGroup section */

/* Begin PBXNativeTarget section */
		A3BAF7BB2F27B74C00269A9A /* MeasureMe */ = {
			isa = PBXNativeTarget;
			buildConfigurationList = A3BAF7C92F27B74D00269A9A /* Build configuration list for PBXNativeTarget "MeasureMe" */;
			buildPhases = (
				A3BAF7B82F27B74C00269A9A /* Sources */,
				A3BAF7B92F27B74C00269A9A /* Frameworks */,
				A3BAF7BA2F27B74C00269A9A /* Resources */,
			);
			buildRules = (
			);
			dependencies = (
			);
			fileSystemSynchronizedGroups = (
				A3BAF7BE2F27B74C00269A9A /* MeasureMe */,
			);
			name = MeasureMe;
			packageProductDependencies = (
			);
			productName = MeasureMe;
			productReference = A3BAF7BC2F27B74C00269A9A /* MeasureMe.app */;
			productType = "com.apple.product-type.application";
		};
		B10000012F28000100000020 /* MeasureMeTests */ = {
			isa = PBXNativeTarget;
			buildConfigurationList = B10000012F28000100000050 /* Build configuration list for PBXNativeTarget "MeasureMeTests" */;
			buildPhases = (
				B10000012F28000100000010 /* Sources */,
				B10000012F28000100000011 /* Frameworks */,
				B10000012F28000100000012 /* Resources */,
			);
			buildRules = (
			);
			dependencies = (
				B10000012F28000100000040 /* PBXTargetDependency */,
			);
			fileSystemSynchronizedGroups = (
				B10000012F28000100000003 /* MeasureMeTests */,
			);
			name = MeasureMeTests;
			packageProductDependencies = (
				A3B1D6012F45CB4A00DA3275 /* SnapshotTesting */,
			);
			productName = MeasureMeTests;
			productReference = B10000012F28000100000001 /* MeasureMeTests.xctest */;
			productType = "com.apple.product-type.bundle.unit-test";
		};
		B10000012F28000100000021 /* MeasureMeUITests */ = {
			isa = PBXNativeTarget;
			buildConfigurationList = B10000012F28000100000051 /* Build configuration list for PBXNativeTarget "MeasureMeUITests" */;
			buildPhases = (
				B10000012F28000100000013 /* Sources */,
				B10000012F28000100000014 /* Frameworks */,
				B10000012F28000100000015 /* Resources */,
			);
			buildRules = (
			);
			dependencies = (
				B10000012F28000100000041 /* PBXTargetDependency */,
			);
			fileSystemSynchronizedGroups = (
				B10000012F28000100000004 /* MeasureMeUITests */,
			);
			name = MeasureMeUITests;
			packageProductDependencies = (
			);
			productName = MeasureMeUITests;
			productReference = B10000012F28000100000002 /* MeasureMeUITests.xctest */;
			productType = "com.apple.product-type.bundle.ui-testing";
		};
/* End PBXNativeTarget section */

/* Begin PBXProject section */
		A3BAF7B42F27B74C00269A9A /* Project object */ = {
			isa = PBXProject;
			attributes = {
				BuildIndependentTargetsInParallel = 1;
				LastSwiftUpdateCheck = 2620;
				LastUpgradeCheck = 2620;
				TargetAttributes = {
					A3BAF7BB2F27B74C00269A9A = {
						CreatedOnToolsVersion = 26.2;
					};
					B10000012F28000100000020 = {
						CreatedOnToolsVersion = 26.2;
						TestTargetID = A3BAF7BB2F27B74C00269A9A;
					};
					B10000012F28000100000021 = {
						CreatedOnToolsVersion = 26.2;
						TestTargetID = A3BAF7BB2F27B74C00269A9A;
					};
				};
			};
			buildConfigurationList = A3BAF7B72F27B74C00269A9A /* Build configuration list for PBXProject "MeasureMe" */;
			developmentRegion = en;
			hasScannedForEncodings = 0;
			knownRegions = (
				en,
				Base,
				pl,
			);
			mainGroup = A3BAF7B32F27B74C00269A9A;
			minimizedProjectReferenceProxies = 1;
			packageReferences = (
				A3B1D5F72F45C90800DA3275 /* XCRemoteSwiftPackageReference "swift-snapshot-testing" */,
			);
			preferredProjectObjectVersion = 77;
			productRefGroup = A3BAF7BD2F27B74C00269A9A /* Products */;
			projectDirPath = "";
			projectRoot = "";
			targets = (
				A3BAF7BB2F27B74C00269A9A /* MeasureMe */,
				B10000012F28000100000020 /* MeasureMeTests */,
				B10000012F28000100000021 /* MeasureMeUITests */,
			);
		};
/* End PBXProject section */

/* Begin PBXResourcesBuildPhase section */
		A3BAF7BA2F27B74C00269A9A /* Resources */ = {
			isa = PBXResourcesBuildPhase;
			buildActionMask = 2147483647;
			files = (
				A345A4F92F475DFF0068BE76 /* Premium.storekit in Resources */,
				A31FCE332F295FBB00E3253D /* Assets.xcassets in Resources */,
			);
			runOnlyForDeploymentPostprocessing = 0;
		};
		B10000012F28000100000012 /* Resources */ = {
			isa = PBXResourcesBuildPhase;
			buildActionMask = 2147483647;
			files = (
			);
			runOnlyForDeploymentPostprocessing = 0;
		};
		B10000012F28000100000015 /* Resources */ = {
			isa = PBXResourcesBuildPhase;
			buildActionMask = 2147483647;
			files = (
			);
			runOnlyForDeploymentPostprocessing = 0;
		};
/* End PBXResourcesBuildPhase section */

/* Begin PBXSourcesBuildPhase section */
		A3BAF7B82F27B74C00269A9A /* Sources */ = {
			isa = PBXSourcesBuildPhase;
			buildActionMask = 2147483647;
			files = (
			);
			runOnlyForDeploymentPostprocessing = 0;
		};
		B10000012F28000100000010 /* Sources */ = {
			isa = PBXSourcesBuildPhase;
			buildActionMask = 2147483647;
			files = (
			);
			runOnlyForDeploymentPostprocessing = 0;
		};
		B10000012F28000100000013 /* Sources */ = {
			isa = PBXSourcesBuildPhase;
			buildActionMask = 2147483647;
			files = (
			);
			runOnlyForDeploymentPostprocessing = 0;
		};
/* End PBXSourcesBuildPhase section */

/* Begin PBXTargetDependency section */
		B10000012F28000100000040 /* PBXTargetDependency */ = {
			isa = PBXTargetDependency;
			target = A3BAF7BB2F27B74C00269A9A /* MeasureMe */;
			targetProxy = B10000012F28000100000030 /* PBXContainerItemProxy */;
		};
		B10000012F28000100000041 /* PBXTargetDependency */ = {
			isa = PBXTargetDependency;
			target = A3BAF7BB2F27B74C00269A9A /* MeasureMe */;
			targetProxy = B10000012F28000100000031 /* PBXContainerItemProxy */;
		};
/* End PBXTargetDependency section */

/* Begin XCBuildConfiguration section */
		A3BAF7C72F27B74D00269A9A /* Debug */ = {
			isa = XCBuildConfiguration;
			buildSettings = {
				ALWAYS_SEARCH_USER_PATHS = NO;
				ASSETCATALOG_COMPILER_GENERATE_SWIFT_ASSET_SYMBOL_EXTENSIONS = YES;
				CLANG_ANALYZER_NONNULL = YES;
				CLANG_ANALYZER_NUMBER_OBJECT_CONVERSION = YES_AGGRESSIVE;
				CLANG_CXX_LANGUAGE_STANDARD = "gnu++20";
				CLANG_ENABLE_MODULES = YES;
				CLANG_ENABLE_OBJC_ARC = YES;
				CLANG_ENABLE_OBJC_WEAK = YES;
				CLANG_WARN_BLOCK_CAPTURE_AUTORELEASING = YES;
				CLANG_WARN_BOOL_CONVERSION = YES;
				CLANG_WARN_COMMA = YES;
				CLANG_WARN_CONSTANT_CONVERSION = YES;
				CLANG_WARN_DEPRECATED_OBJC_IMPLEMENTATIONS = YES;
				CLANG_WARN_DIRECT_OBJC_ISA_USAGE = YES_ERROR;
				CLANG_WARN_DOCUMENTATION_COMMENTS = YES;
				CLANG_WARN_EMPTY_BODY = YES;
				CLANG_WARN_ENUM_CONVERSION = YES;
				CLANG_WARN_INFINITE_RECURSION = YES;
				CLANG_WARN_INT_CONVERSION = YES;
				CLANG_WARN_NON_LITERAL_NULL_CONVERSION = YES;
				CLANG_WARN_OBJC_IMPLICIT_RETAIN_SELF = YES;
				CLANG_WARN_OBJC_LITERAL_CONVERSION = YES;
				CLANG_WARN_OBJC_ROOT_CLASS = YES_ERROR;
				CLANG_WARN_QUOTED_INCLUDE_IN_FRAMEWORK_HEADER = YES;
				CLANG_WARN_RANGE_LOOP_ANALYSIS = YES;
				CLANG_WARN_STRICT_PROTOTYPES = YES;
				CLANG_WARN_SUSPICIOUS_MOVE = YES;
				CLANG_WARN_UNGUARDED_AVAILABILITY = YES_AGGRESSIVE;
				CLANG_WARN_UNREACHABLE_CODE = YES;
				CLANG_WARN__DUPLICATE_METHOD_MATCH = YES;
				COPY_PHASE_STRIP = NO;
				DEBUG_INFORMATION_FORMAT = dwarf;
				ENABLE_STRICT_OBJC_MSGSEND = YES;
				ENABLE_TESTABILITY = YES;
				ENABLE_USER_SCRIPT_SANDBOXING = YES;
				GCC_C_LANGUAGE_STANDARD = gnu17;
				GCC_DYNAMIC_NO_PIC = NO;
				GCC_NO_COMMON_BLOCKS = YES;
				GCC_OPTIMIZATION_LEVEL = 0;
				GCC_PREPROCESSOR_DEFINITIONS = (
					"DEBUG=1",
					"$(inherited)",
				);
				GCC_WARN_64_TO_32_BIT_CONVERSION = YES;
				GCC_WARN_ABOUT_RETURN_TYPE = YES_ERROR;
				GCC_WARN_UNDECLARED_SELECTOR = YES;
				GCC_WARN_UNINITIALIZED_AUTOS = YES_AGGRESSIVE;
				GCC_WARN_UNUSED_FUNCTION = YES;
				GCC_WARN_UNUSED_VARIABLE = YES;
				IPHONEOS_DEPLOYMENT_TARGET = 17.2;
				LOCALIZATION_PREFERS_STRING_CATALOGS = YES;
				MTL_ENABLE_DEBUG_INFO = INCLUDE_SOURCE;
				MTL_FAST_MATH = YES;
				ONLY_ACTIVE_ARCH = YES;
				SDKROOT = iphoneos;
				SWIFT_ACTIVE_COMPILATION_CONDITIONS = "DEBUG $(inherited)";
				SWIFT_OPTIMIZATION_LEVEL = "-Onone";
			};
			name = Debug;
		};
		A3BAF7C82F27B74D00269A9A /* Release */ = {
			isa = XCBuildConfiguration;
			buildSettings = {
				ALWAYS_SEARCH_USER_PATHS = NO;
				ASSETCATALOG_COMPILER_GENERATE_SWIFT_ASSET_SYMBOL_EXTENSIONS = YES;
				CLANG_ANALYZER_NONNULL = YES;
				CLANG_ANALYZER_NUMBER_OBJECT_CONVERSION = YES_AGGRESSIVE;
				CLANG_CXX_LANGUAGE_STANDARD = "gnu++20";
				CLANG_ENABLE_MODULES = YES;
				CLANG_ENABLE_OBJC_ARC = YES;
				CLANG_ENABLE_OBJC_WEAK = YES;
				CLANG_WARN_BLOCK_CAPTURE_AUTORELEASING = YES;
				CLANG_WARN_BOOL_CONVERSION = YES;
				CLANG_WARN_COMMA = YES;
				CLANG_WARN_CONSTANT_CONVERSION = YES;
				CLANG_WARN_DEPRECATED_OBJC_IMPLEMENTATIONS = YES;
				CLANG_WARN_DIRECT_OBJC_ISA_USAGE = YES_ERROR;
				CLANG_WARN_DOCUMENTATION_COMMENTS = YES;
				CLANG_WARN_EMPTY_BODY = YES;
				CLANG_WARN_ENUM_CONVERSION = YES;
				CLANG_WARN_INFINITE_RECURSION = YES;
				CLANG_WARN_INT_CONVERSION = YES;
				CLANG_WARN_NON_LITERAL_NULL_CONVERSION = YES;
				CLANG_WARN_OBJC_IMPLICIT_RETAIN_SELF = YES;
				CLANG_WARN_OBJC_LITERAL_CONVERSION = YES;
				CLANG_WARN_OBJC_ROOT_CLASS = YES_ERROR;
				CLANG_WARN_QUOTED_INCLUDE_IN_FRAMEWORK_HEADER = YES;
				CLANG_WARN_RANGE_LOOP_ANALYSIS = YES;
				CLANG_WARN_STRICT_PROTOTYPES = YES;
				CLANG_WARN_SUSPICIOUS_MOVE = YES;
				CLANG_WARN_UNGUARDED_AVAILABILITY = YES_AGGRESSIVE;
				CLANG_WARN_UNREACHABLE_CODE = YES;
				CLANG_WARN__DUPLICATE_METHOD_MATCH = YES;
				COPY_PHASE_STRIP = NO;
				DEBUG_INFORMATION_FORMAT = "dwarf-with-dsym";
				ENABLE_NS_ASSERTIONS = NO;
				ENABLE_STRICT_OBJC_MSGSEND = YES;
				ENABLE_USER_SCRIPT_SANDBOXING = YES;
				GCC_C_LANGUAGE_STANDARD = gnu17;
				GCC_NO_COMMON_BLOCKS = YES;
				GCC_WARN_64_TO_32_BIT_CONVERSION = YES;
				GCC_WARN_ABOUT_RETURN_TYPE = YES_ERROR;
				GCC_WARN_UNDECLARED_SELECTOR = YES;
				GCC_WARN_UNINITIALIZED_AUTOS = YES_AGGRESSIVE;
				GCC_WARN_UNUSED_FUNCTION = YES;
				GCC_WARN_UNUSED_VARIABLE = YES;
				IPHONEOS_DEPLOYMENT_TARGET = 17.2;
				LOCALIZATION_PREFERS_STRING_CATALOGS = YES;
				MTL_ENABLE_DEBUG_INFO = NO;
				MTL_FAST_MATH = YES;
				SDKROOT = iphoneos;
				SWIFT_COMPILATION_MODE = wholemodule;
				VALIDATE_PRODUCT = YES;
			};
			name = Release;
		};
		A3BAF7CA2F27B74D00269A9A /* Debug */ = {
			isa = XCBuildConfiguration;
			buildSettings = {
				ASSETCATALOG_COMPILER_APPICON_NAME = AppIcon;
				ASSETCATALOG_COMPILER_GLOBAL_ACCENT_COLOR_NAME = AccentColor;
				CODE_SIGN_ENTITLEMENTS = MeasureMe/MeasureMe.entitlements;
				CODE_SIGN_STYLE = Automatic;
				CURRENT_PROJECT_VERSION = 10;
				DEVELOPMENT_TEAM = K447N5AR8W;
				ENABLE_PREVIEWS = YES;
				EXCLUDED_SOURCE_FILE_NAMES = (
					.gitattributes,
					Info.plist,
					"*.storekit",
				);
				GENERATE_INFOPLIST_FILE = YES;
				INFOPLIST_FILE = Config/Info.plist;
				INFOPLIST_KEY_CFBundleDisplayName = MeasureMe;
				INFOPLIST_KEY_LSApplicationCategoryType = "public.app-category.healthcare-fitness";
				INFOPLIST_KEY_NSCameraUsageDescription = "MeasureMe uses the camera to take progress photos you choose to save.";
				INFOPLIST_KEY_NSHealthShareUsageDescription = "MeasureMe reads your Health data (weight, body fat, height, lean mass, and waist) to import history, keep measurements in sync, and calculate health indicators.";
				INFOPLIST_KEY_NSHealthUpdateUsageDescription = "MeasureMe writes measurements you add in the app to Health so your records stay consistent.";
				INFOPLIST_KEY_NSPhotoLibraryAddUsageDescription = "MeasureMe saves exported comparison images to your photo library.";
				INFOPLIST_KEY_NSPhotoLibraryUsageDescription = "MeasureMe accesses your photo library so you can choose progress photos and compare them.";
				INFOPLIST_KEY_UIApplicationSceneManifest_Generation = YES;
				INFOPLIST_KEY_UIApplicationSupportsIndirectInputEvents = YES;
				INFOPLIST_KEY_UILaunchScreen_Generation = YES;
				INFOPLIST_KEY_UISupportedInterfaceOrientations_iPad = "UIInterfaceOrientationPortrait UIInterfaceOrientationPortraitUpsideDown UIInterfaceOrientationLandscapeLeft UIInterfaceOrientationLandscapeRight";
				INFOPLIST_KEY_UISupportedInterfaceOrientations_iPhone = UIInterfaceOrientationPortrait;
				LD_RUNPATH_SEARCH_PATHS = (
					"$(inherited)",
					"@executable_path/Frameworks",
				);
				MARKETING_VERSION = 1.0;
				PRODUCT_BUNDLE_IDENTIFIER = com.jacek.measureme;
				PRODUCT_NAME = "$(TARGET_NAME)";
				STRING_CATALOG_GENERATE_SYMBOLS = YES;
				SUPPORTED_PLATFORMS = "iphoneos iphonesimulator";
				SUPPORTS_MACCATALYST = NO;
				SUPPORTS_MAC_DESIGNED_FOR_IPHONE_IPAD = NO;
				SUPPORTS_XR_DESIGNED_FOR_IPHONE_IPAD = NO;
				SWIFT_APPROACHABLE_CONCURRENCY = YES;
				SWIFT_DEFAULT_ACTOR_ISOLATION = MainActor;
				SWIFT_EMIT_LOC_STRINGS = YES;
				SWIFT_UPCOMING_FEATURE_MEMBER_IMPORT_VISIBILITY = YES;
				SWIFT_VERSION = 5.0;
				TARGETED_DEVICE_FAMILY = 1;
			};
			name = Debug;
		};
		A3BAF7CB2F27B74D00269A9A /* Release */ = {
			isa = XCBuildConfiguration;
			buildSettings = {
				ASSETCATALOG_COMPILER_APPICON_NAME = AppIcon;
				ASSETCATALOG_COMPILER_GLOBAL_ACCENT_COLOR_NAME = AccentColor;
				CODE_SIGN_ENTITLEMENTS = MeasureMe/MeasureMe.entitlements;
				CODE_SIGN_STYLE = Automatic;
				CURRENT_PROJECT_VERSION = 10;
				DEVELOPMENT_TEAM = K447N5AR8W;
				ENABLE_PREVIEWS = YES;
				EXCLUDED_SOURCE_FILE_NAMES = (
					.gitattributes,
					Info.plist,
					"*.storekit",
				);
				GENERATE_INFOPLIST_FILE = YES;
				INFOPLIST_FILE = Config/Info.plist;
				INFOPLIST_KEY_CFBundleDisplayName = MeasureMe;
				INFOPLIST_KEY_LSApplicationCategoryType = "public.app-category.healthcare-fitness";
				INFOPLIST_KEY_NSCameraUsageDescription = "MeasureMe uses the camera to take progress photos you choose to save.";
				INFOPLIST_KEY_NSHealthShareUsageDescription = "MeasureMe reads your Health data (weight, body fat, height, lean mass, and waist) to import history, keep measurements in sync, and calculate health indicators.";
				INFOPLIST_KEY_NSHealthUpdateUsageDescription = "MeasureMe writes measurements you add in the app to Health so your records stay consistent.";
				INFOPLIST_KEY_NSPhotoLibraryAddUsageDescription = "MeasureMe saves exported comparison images to your photo library.";
				INFOPLIST_KEY_NSPhotoLibraryUsageDescription = "MeasureMe accesses your photo library so you can choose progress photos and compare them.";
				INFOPLIST_KEY_UIApplicationSceneManifest_Generation = YES;
				INFOPLIST_KEY_UIApplicationSupportsIndirectInputEvents = YES;
				INFOPLIST_KEY_UILaunchScreen_Generation = YES;
				INFOPLIST_KEY_UISupportedInterfaceOrientations_iPad = "UIInterfaceOrientationPortrait UIInterfaceOrientationPortraitUpsideDown UIInterfaceOrientationLandscapeLeft UIInterfaceOrientationLandscapeRight";
				INFOPLIST_KEY_UISupportedInterfaceOrientations_iPhone = UIInterfaceOrientationPortrait;
				LD_RUNPATH_SEARCH_PATHS = (
					"$(inherited)",
					"@executable_path/Frameworks",
				);
				MARKETING_VERSION = 1.0;
				PRODUCT_BUNDLE_IDENTIFIER = com.jacek.measureme;
				PRODUCT_NAME = "$(TARGET_NAME)";
				STRING_CATALOG_GENERATE_SYMBOLS = YES;
				SUPPORTED_PLATFORMS = "iphoneos iphonesimulator";
				SUPPORTS_MACCATALYST = NO;
				SUPPORTS_MAC_DESIGNED_FOR_IPHONE_IPAD = NO;
				SUPPORTS_XR_DESIGNED_FOR_IPHONE_IPAD = NO;
				SWIFT_APPROACHABLE_CONCURRENCY = YES;
				SWIFT_DEFAULT_ACTOR_ISOLATION = MainActor;
				SWIFT_EMIT_LOC_STRINGS = YES;
				SWIFT_UPCOMING_FEATURE_MEMBER_IMPORT_VISIBILITY = YES;
				SWIFT_VERSION = 5.0;
				TARGETED_DEVICE_FAMILY = 1;
			};
			name = Release;
		};
		B10000012F28000100000060 /* Debug */ = {
			isa = XCBuildConfiguration;
			buildSettings = {
				BUNDLE_LOADER = "$(TEST_HOST)";
				CODE_SIGN_STYLE = Automatic;
				CURRENT_PROJECT_VERSION = 2;
				DEVELOPMENT_TEAM = K447N5AR8W;
				GENERATE_INFOPLIST_FILE = YES;
				IPHONEOS_DEPLOYMENT_TARGET = 17.2;
				LD_RUNPATH_SEARCH_PATHS = (
					"$(inherited)",
					"@executable_path/Frameworks",
					"@loader_path/Frameworks",
				);
				PRODUCT_BUNDLE_IDENTIFIER = com.jacek.measuremeTests;
				PRODUCT_NAME = "$(TARGET_NAME)";
				SDKROOT = iphoneos;
				SUPPORTED_PLATFORMS = "iphoneos iphonesimulator";
				SWIFT_EMIT_LOC_STRINGS = NO;
				SWIFT_VERSION = 5.0;
				TARGETED_DEVICE_FAMILY = 1;
				TEST_HOST = "$(BUILT_PRODUCTS_DIR)/MeasureMe.app/MeasureMe";
			};
			name = Debug;
		};
		B10000012F28000100000061 /* Release */ = {
			isa = XCBuildConfiguration;
			buildSettings = {
				BUNDLE_LOADER = "$(TEST_HOST)";
				CODE_SIGN_STYLE = Automatic;
				CURRENT_PROJECT_VERSION = 2;
				DEVELOPMENT_TEAM = K447N5AR8W;
				GENERATE_INFOPLIST_FILE = YES;
				IPHONEOS_DEPLOYMENT_TARGET = 17.2;
				LD_RUNPATH_SEARCH_PATHS = (
					"$(inherited)",
					"@executable_path/Frameworks",
					"@loader_path/Frameworks",
				);
				PRODUCT_BUNDLE_IDENTIFIER = com.jacek.measuremeTests;
				PRODUCT_NAME = "$(TARGET_NAME)";
				SDKROOT = iphoneos;
				SUPPORTED_PLATFORMS = "iphoneos iphonesimulator";
				SWIFT_EMIT_LOC_STRINGS = NO;
				SWIFT_VERSION = 5.0;
				TARGETED_DEVICE_FAMILY = 1;
				TEST_HOST = "$(BUILT_PRODUCTS_DIR)/MeasureMe.app/MeasureMe";
			};
			name = Release;
		};
		B10000012F28000100000062 /* Debug */ = {
			isa = XCBuildConfiguration;
			buildSettings = {
				CODE_SIGN_STYLE = Automatic;
				CURRENT_PROJECT_VERSION = 2;
				DEVELOPMENT_TEAM = K447N5AR8W;
				GENERATE_INFOPLIST_FILE = YES;
				IPHONEOS_DEPLOYMENT_TARGET = 17.2;
				PRODUCT_BUNDLE_IDENTIFIER = com.jacek.measuremeUITests;
				PRODUCT_NAME = "$(TARGET_NAME)";
				SDKROOT = iphoneos;
				SUPPORTED_PLATFORMS = "iphoneos iphonesimulator";
				SWIFT_EMIT_LOC_STRINGS = NO;
				SWIFT_VERSION = 5.0;
				TARGETED_DEVICE_FAMILY = 1;
				TEST_TARGET_NAME = MeasureMe;
			};
			name = Debug;
		};
		B10000012F28000100000063 /* Release */ = {
			isa = XCBuildConfiguration;
			buildSettings = {
				CODE_SIGN_STYLE = Automatic;
				CURRENT_PROJECT_VERSION = 2;
				DEVELOPMENT_TEAM = K447N5AR8W;
				GENERATE_INFOPLIST_FILE = YES;
				IPHONEOS_DEPLOYMENT_TARGET = 17.2;
				PRODUCT_BUNDLE_IDENTIFIER = com.jacek.measuremeUITests;
				PRODUCT_NAME = "$(TARGET_NAME)";
				SDKROOT = iphoneos;
				SUPPORTED_PLATFORMS = "iphoneos iphonesimulator";
				SWIFT_EMIT_LOC_STRINGS = NO;
				SWIFT_VERSION = 5.0;
				TARGETED_DEVICE_FAMILY = 1;
				TEST_TARGET_NAME = MeasureMe;
			};
			name = Release;
		};
/* End XCBuildConfiguration section */

/* Begin XCConfigurationList section */
		A3BAF7B72F27B74C00269A9A /* Build configuration list for PBXProject "MeasureMe" */ = {
			isa = XCConfigurationList;
			buildConfigurations = (
				A3BAF7C72F27B74D00269A9A /* Debug */,
				A3BAF7C82F27B74D00269A9A /* Release */,
			);
			defaultConfigurationIsVisible = 0;
			defaultConfigurationName = Release;
		};
		A3BAF7C92F27B74D00269A9A /* Build configuration list for PBXNativeTarget "MeasureMe" */ = {
			isa = XCConfigurationList;
			buildConfigurations = (
				A3BAF7CA2F27B74D00269A9A /* Debug */,
				A3BAF7CB2F27B74D00269A9A /* Release */,
			);
			defaultConfigurationIsVisible = 0;
			defaultConfigurationName = Release;
		};
		B10000012F28000100000050 /* Build configuration list for PBXNativeTarget "MeasureMeTests" */ = {
			isa = XCConfigurationList;
			buildConfigurations = (
				B10000012F28000100000060 /* Debug */,
				B10000012F28000100000061 /* Release */,
			);
			defaultConfigurationIsVisible = 0;
			defaultConfigurationName = Release;
		};
		B10000012F28000100000051 /* Build configuration list for PBXNativeTarget "MeasureMeUITests" */ = {
			isa = XCConfigurationList;
			buildConfigurations = (
				B10000012F28000100000062 /* Debug */,
				B10000012F28000100000063 /* Release */,
			);
			defaultConfigurationIsVisible = 0;
			defaultConfigurationName = Release;
		};
/* End XCConfigurationList section */

/* Begin XCRemoteSwiftPackageReference section */
		A3B1D5F72F45C90800DA3275 /* XCRemoteSwiftPackageReference "swift-snapshot-testing" */ = {
			isa = XCRemoteSwiftPackageReference;
			repositoryURL = "https://github.com/pointfreeco/swift-snapshot-testing";
			requirement = {
				kind = upToNextMajorVersion;
				minimumVersion = 1.18.9;
			};
		};
/* End XCRemoteSwiftPackageReference section */

/* Begin XCSwiftPackageProductDependency section */
		A3B1D6012F45CB4A00DA3275 /* SnapshotTesting */ = {
			isa = XCSwiftPackageProductDependency;
			package = A3B1D5F72F45C90800DA3275 /* XCRemoteSwiftPackageReference "swift-snapshot-testing" */;
			productName = SnapshotTesting;
		};
/* End XCSwiftPackageProductDependency section */
	};
	rootObject = A3BAF7B42F27B74C00269A9A /* Project object */;
}
